// !$*UTF8*$!
{
	archiveVersion = 1;
	classes = {
	};
	objectVersion = 50;
	objects = {

/* Begin PBXBuildFile section */
		2D3BD9AA25875B6800389405 /* AppDelegate.swift in Sources */ = {isa = PBXBuildFile; fileRef = 2D3BD9A925875B6800389405 /* AppDelegate.swift */; };
		2D3BD9AC25875B6800389405 /* SceneDelegate.swift in Sources */ = {isa = PBXBuildFile; fileRef = 2D3BD9AB25875B6800389405 /* SceneDelegate.swift */; };
		2D3BD9AE25875B6800389405 /* HomeController.swift in Sources */ = {isa = PBXBuildFile; fileRef = 2D3BD9AD25875B6800389405 /* HomeController.swift */; };
		2D3BD9B125875B6800389405 /* Main.storyboard in Resources */ = {isa = PBXBuildFile; fileRef = 2D3BD9AF25875B6800389405 /* Main.storyboard */; };
		2D3BD9B325875B6E00389405 /* Assets.xcassets in Resources */ = {isa = PBXBuildFile; fileRef = 2D3BD9B225875B6E00389405 /* Assets.xcassets */; };
		2D3BD9B625875B6E00389405 /* LaunchScreen.storyboard in Resources */ = {isa = PBXBuildFile; fileRef = 2D3BD9B425875B6E00389405 /* LaunchScreen.storyboard */; };
		2DD269FA25891EBC00EAEC68 /* NetworkManager.swift in Sources */ = {isa = PBXBuildFile; fileRef = 2DD269F925891EBC00EAEC68 /* NetworkManager.swift */; };
		2DD269FD258A2D2700EAEC68 /* RequestModel.swift in Sources */ = {isa = PBXBuildFile; fileRef = 2DD269FC258A2D2700EAEC68 /* RequestModel.swift */; };
		2DD269FF258A595800EAEC68 /* CategoryModel.swift in Sources */ = {isa = PBXBuildFile; fileRef = 2DD269FE258A595800EAEC68 /* CategoryModel.swift */; };
		2DE67F152587F1B50092B998 /* StandartCategoriesModel.swift in Sources */ = {isa = PBXBuildFile; fileRef = 2DE67F142587F1B50092B998 /* StandartCategoriesModel.swift */; };
		2DE67F19258800460092B998 /* StandardCategoryCollectionCell.swift in Sources */ = {isa = PBXBuildFile; fileRef = 2DE67F17258800460092B998 /* StandardCategoryCollectionCell.swift */; };
		2DE67F1A258800460092B998 /* StandardCategoryCollectionCell.xib in Resources */ = {isa = PBXBuildFile; fileRef = 2DE67F18258800460092B998 /* StandardCategoryCollectionCell.xib */; };
		2DEC31D5258AA75C009FA472 /* SearchController.swift in Sources */ = {isa = PBXBuildFile; fileRef = 2DEC31D4258AA75C009FA472 /* SearchController.swift */; };
		E4217F81A01AF91F102AD4F6 /* Pods_Foursquare_clone_app.framework in Frameworks */ = {isa = PBXBuildFile; fileRef = E43C3487CFBC085209AB5FC5 /* Pods_Foursquare_clone_app.framework */; };
/* End PBXBuildFile section */

/* Begin PBXFileReference section */
		1F9159912026B1D4A53895E9 /* Pods-Foursquare_clone_app.release.xcconfig */ = {isa = PBXFileReference; includeInIndex = 1; lastKnownFileType = text.xcconfig; name = "Pods-Foursquare_clone_app.release.xcconfig"; path = "Target Support Files/Pods-Foursquare_clone_app/Pods-Foursquare_clone_app.release.xcconfig"; sourceTree = "<group>"; };
		2D3BD9A625875B6800389405 /* Foursquare_clone_app.app */ = {isa = PBXFileReference; explicitFileType = wrapper.application; includeInIndex = 0; path = Foursquare_clone_app.app; sourceTree = BUILT_PRODUCTS_DIR; };
		2D3BD9A925875B6800389405 /* AppDelegate.swift */ = {isa = PBXFileReference; lastKnownFileType = sourcecode.swift; path = AppDelegate.swift; sourceTree = "<group>"; };
		2D3BD9AB25875B6800389405 /* SceneDelegate.swift */ = {isa = PBXFileReference; lastKnownFileType = sourcecode.swift; path = SceneDelegate.swift; sourceTree = "<group>"; };
		2D3BD9AD25875B6800389405 /* HomeController.swift */ = {isa = PBXFileReference; lastKnownFileType = sourcecode.swift; path = HomeController.swift; sourceTree = "<group>"; };
		2D3BD9B025875B6800389405 /* Base */ = {isa = PBXFileReference; lastKnownFileType = file.storyboard; name = Base; path = Base.lproj/Main.storyboard; sourceTree = "<group>"; };
		2D3BD9B225875B6E00389405 /* Assets.xcassets */ = {isa = PBXFileReference; lastKnownFileType = folder.assetcatalog; path = Assets.xcassets; sourceTree = "<group>"; };
		2D3BD9B525875B6E00389405 /* Base */ = {isa = PBXFileReference; lastKnownFileType = file.storyboard; name = Base; path = Base.lproj/LaunchScreen.storyboard; sourceTree = "<group>"; };
		2D3BD9B725875B6E00389405 /* Info.plist */ = {isa = PBXFileReference; lastKnownFileType = text.plist.xml; path = Info.plist; sourceTree = "<group>"; };
		2DD269F925891EBC00EAEC68 /* NetworkManager.swift */ = {isa = PBXFileReference; lastKnownFileType = sourcecode.swift; path = NetworkManager.swift; sourceTree = "<group>"; };
		2DD269FC258A2D2700EAEC68 /* RequestModel.swift */ = {isa = PBXFileReference; lastKnownFileType = sourcecode.swift; path = RequestModel.swift; sourceTree = "<group>"; };
		2DD269FE258A595800EAEC68 /* CategoryModel.swift */ = {isa = PBXFileReference; lastKnownFileType = sourcecode.swift; path = CategoryModel.swift; sourceTree = "<group>"; };
		2DE67F142587F1B50092B998 /* StandartCategoriesModel.swift */ = {isa = PBXFileReference; lastKnownFileType = sourcecode.swift; path = StandartCategoriesModel.swift; sourceTree = "<group>"; };
		2DE67F17258800460092B998 /* StandardCategoryCollectionCell.swift */ = {isa = PBXFileReference; lastKnownFileType = sourcecode.swift; path = StandardCategoryCollectionCell.swift; sourceTree = "<group>"; };
		2DE67F18258800460092B998 /* StandardCategoryCollectionCell.xib */ = {isa = PBXFileReference; lastKnownFileType = file.xib; path = StandardCategoryCollectionCell.xib; sourceTree = "<group>"; };
		2DEC31D4258AA75C009FA472 /* SearchController.swift */ = {isa = PBXFileReference; lastKnownFileType = sourcecode.swift; path = SearchController.swift; sourceTree = "<group>"; };
		B028462DEFB9CF5C6C51579F /* Pods-Foursquare_clone_app.debug.xcconfig */ = {isa = PBXFileReference; includeInIndex = 1; lastKnownFileType = text.xcconfig; name = "Pods-Foursquare_clone_app.debug.xcconfig"; path = "Target Support Files/Pods-Foursquare_clone_app/Pods-Foursquare_clone_app.debug.xcconfig"; sourceTree = "<group>"; };
		E43C3487CFBC085209AB5FC5 /* Pods_Foursquare_clone_app.framework */ = {isa = PBXFileReference; explicitFileType = wrapper.framework; includeInIndex = 0; path = Pods_Foursquare_clone_app.framework; sourceTree = BUILT_PRODUCTS_DIR; };
/* End PBXFileReference section */

/* Begin PBXFrameworksBuildPhase section */
		2D3BD9A325875B6800389405 /* Frameworks */ = {
			isa = PBXFrameworksBuildPhase;
			buildActionMask = 2147483647;
			files = (
				E4217F81A01AF91F102AD4F6 /* Pods_Foursquare_clone_app.framework in Frameworks */,
			);
			runOnlyForDeploymentPostprocessing = 0;
		};
/* End PBXFrameworksBuildPhase section */

/* Begin PBXGroup section */
		2D3BD99D25875B6800389405 = {
			isa = PBXGroup;
			children = (
				2D3BD9A825875B6800389405 /* Foursquare_clone_app */,
				2D3BD9A725875B6800389405 /* Products */,
				3CDDD1E5D4225A368687AC8E /* Pods */,
				B32EA95B97018AD12E99880A /* Frameworks */,
			);
			sourceTree = "<group>";
		};
		2D3BD9A725875B6800389405 /* Products */ = {
			isa = PBXGroup;
			children = (
				2D3BD9A625875B6800389405 /* Foursquare_clone_app.app */,
			);
			name = Products;
			sourceTree = "<group>";
		};
		2D3BD9A825875B6800389405 /* Foursquare_clone_app */ = {
			isa = PBXGroup;
			children = (
				2DD269FB258A2CF600EAEC68 /* RequestModel */,
				2DD269F825891EA500EAEC68 /* NetworkManager */,
				2D3BD9A925875B6800389405 /* AppDelegate.swift */,
				2D3BD9AB25875B6800389405 /* SceneDelegate.swift */,
				2D3BD9BF2587797700389405 /* Resorces */,
				2D3BD9BE2587796A00389405 /* UI */,
				2DE67F162587FEF30092B998 /* CollectionCell */,
				2D3BD9C025877C4900389405 /* Screens */,
			);
			path = Foursquare_clone_app;
			sourceTree = "<group>";
		};
		2D3BD9BE2587796A00389405 /* UI */ = {
			isa = PBXGroup;
			children = (
				2D3BD9AF25875B6800389405 /* Main.storyboard */,
			);
			path = UI;
			sourceTree = "<group>";
		};
		2D3BD9BF2587797700389405 /* Resorces */ = {
			isa = PBXGroup;
			children = (
				2D3BD9B225875B6E00389405 /* Assets.xcassets */,
				2D3BD9B425875B6E00389405 /* LaunchScreen.storyboard */,
				2D3BD9B725875B6E00389405 /* Info.plist */,
			);
			path = Resorces;
			sourceTree = "<group>";
		};
		2D3BD9C025877C4900389405 /* Screens */ = {
			isa = PBXGroup;
			children = (
				2D3BD9C1258782FE00389405 /* HomeScreen */,
				2DEC31D2258AA716009FA472 /* SearchScreen */,
				2D3BD9C82587848C00389405 /* DetailScreen */,
				2D3BD9C5258783D700389405 /* ListsScreen */,
			);
			path = Screens;
			sourceTree = "<group>";
		};
		2D3BD9C1258782FE00389405 /* HomeScreen */ = {
			isa = PBXGroup;
			children = (
				2DE67F132587F1920092B998 /* Model */,
				2D3BD9C22587833000389405 /* Controller */,
			);
			path = HomeScreen;
			sourceTree = "<group>";
		};
		2D3BD9C22587833000389405 /* Controller */ = {
			isa = PBXGroup;
			children = (
				2D3BD9AD25875B6800389405 /* HomeController.swift */,
			);
			path = Controller;
			sourceTree = "<group>";
		};
		2D3BD9C5258783D700389405 /* ListsScreen */ = {
			isa = PBXGroup;
			children = (
				2D3BD9C6258783EF00389405 /* Controller */,
				2D3BD9C7258783F500389405 /* View */,
			);
			path = ListsScreen;
			sourceTree = "<group>";
		};
		2D3BD9C6258783EF00389405 /* Controller */ = {
			isa = PBXGroup;
			children = (
			);
			path = Controller;
			sourceTree = "<group>";
		};
		2D3BD9C7258783F500389405 /* View */ = {
			isa = PBXGroup;
			children = (
			);
			path = View;
			sourceTree = "<group>";
		};
		2D3BD9C82587848C00389405 /* DetailScreen */ = {
			isa = PBXGroup;
			children = (
			);
			path = DetailScreen;
			sourceTree = "<group>";
		};
		2DD269F825891EA500EAEC68 /* NetworkManager */ = {
			isa = PBXGroup;
			children = (
				2DD269F925891EBC00EAEC68 /* NetworkManager.swift */,
			);
			path = NetworkManager;
			sourceTree = "<group>";
		};
		2DD269FB258A2CF600EAEC68 /* RequestModel */ = {
			isa = PBXGroup;
			children = (
				2DD269FC258A2D2700EAEC68 /* RequestModel.swift */,
				2DD269FE258A595800EAEC68 /* CategoryModel.swift */,
			);
			path = RequestModel;
			sourceTree = "<group>";
		};
		2DE67F132587F1920092B998 /* Model */ = {
			isa = PBXGroup;
			children = (
				2DE67F142587F1B50092B998 /* StandartCategoriesModel.swift */,
			);
			path = Model;
			sourceTree = "<group>";
		};
		2DE67F162587FEF30092B998 /* CollectionCell */ = {
			isa = PBXGroup;
			children = (
				2DE67F1C258800590092B998 /* Controller */,
				2DE67F1B2588004E0092B998 /* View */,
			);
			path = CollectionCell;
			sourceTree = "<group>";
		};
		2DE67F1B2588004E0092B998 /* View */ = {
			isa = PBXGroup;
			children = (
				2DE67F18258800460092B998 /* StandardCategoryCollectionCell.xib */,
			);
			path = View;
			sourceTree = "<group>";
		};
		2DE67F1C258800590092B998 /* Controller */ = {
			isa = PBXGroup;
			children = (
				2DE67F17258800460092B998 /* StandardCategoryCollectionCell.swift */,
			);
			path = Controller;
			sourceTree = "<group>";
		};
		2DEC31D2258AA716009FA472 /* SearchScreen */ = {
			isa = PBXGroup;
			children = (
				2DEC31D3258AA73E009FA472 /* Controller */,
			);
			path = SearchScreen;
			sourceTree = "<group>";
		};
		2DEC31D3258AA73E009FA472 /* Controller */ = {
			isa = PBXGroup;
			children = (
				2DEC31D4258AA75C009FA472 /* SearchController.swift */,
			);
			path = Controller;
			sourceTree = "<group>";
		};
		3CDDD1E5D4225A368687AC8E /* Pods */ = {
			isa = PBXGroup;
			children = (
				B028462DEFB9CF5C6C51579F /* Pods-Foursquare_clone_app.debug.xcconfig */,
				1F9159912026B1D4A53895E9 /* Pods-Foursquare_clone_app.release.xcconfig */,
			);
			path = Pods;
			sourceTree = "<group>";
		};
		B32EA95B97018AD12E99880A /* Frameworks */ = {
			isa = PBXGroup;
			children = (
				E43C3487CFBC085209AB5FC5 /* Pods_Foursquare_clone_app.framework */,
			);
			name = Frameworks;
			sourceTree = "<group>";
		};
/* End PBXGroup section */

/* Begin PBXNativeTarget section */
		2D3BD9A525875B6800389405 /* Foursquare_clone_app */ = {
			isa = PBXNativeTarget;
			buildConfigurationList = 2D3BD9BA25875B6E00389405 /* Build configuration list for PBXNativeTarget "Foursquare_clone_app" */;
			buildPhases = (
				AF09A064FB1CD2AAB6BDF429 /* [CP] Check Pods Manifest.lock */,
				2D3BD9A225875B6800389405 /* Sources */,
				2D3BD9A325875B6800389405 /* Frameworks */,
				2D3BD9A425875B6800389405 /* Resources */,
				2D3BD9BD25875B7B00389405 /* ShellScript */,
			);
			buildRules = (
			);
			dependencies = (
			);
			name = Foursquare_clone_app;
			productName = Foursquare_clone_app;
			productReference = 2D3BD9A625875B6800389405 /* Foursquare_clone_app.app */;
			productType = "com.apple.product-type.application";
		};
/* End PBXNativeTarget section */

/* Begin PBXProject section */
		2D3BD99E25875B6800389405 /* Project object */ = {
			isa = PBXProject;
			attributes = {
				LastSwiftUpdateCheck = 1130;
				LastUpgradeCheck = 1130;
				ORGANIZATIONNAME = maks;
				TargetAttributes = {
					2D3BD9A525875B6800389405 = {
						CreatedOnToolsVersion = 11.3.1;
					};
				};
			};
			buildConfigurationList = 2D3BD9A125875B6800389405 /* Build configuration list for PBXProject "Foursquare_clone_app" */;
			compatibilityVersion = "Xcode 9.3";
			developmentRegion = en;
			hasScannedForEncodings = 0;
			knownRegions = (
				en,
				Base,
			);
			mainGroup = 2D3BD99D25875B6800389405;
			productRefGroup = 2D3BD9A725875B6800389405 /* Products */;
			projectDirPath = "";
			projectRoot = "";
			targets = (
				2D3BD9A525875B6800389405 /* Foursquare_clone_app */,
			);
		};
/* End PBXProject section */

/* Begin PBXResourcesBuildPhase section */
		2D3BD9A425875B6800389405 /* Resources */ = {
			isa = PBXResourcesBuildPhase;
			buildActionMask = 2147483647;
			files = (
				2DE67F1A258800460092B998 /* StandardCategoryCollectionCell.xib in Resources */,
				2D3BD9B625875B6E00389405 /* LaunchScreen.storyboard in Resources */,
				2D3BD9B325875B6E00389405 /* Assets.xcassets in Resources */,
				2D3BD9B125875B6800389405 /* Main.storyboard in Resources */,
			);
			runOnlyForDeploymentPostprocessing = 0;
		};
/* End PBXResourcesBuildPhase section */

/* Begin PBXShellScriptBuildPhase section */
		2D3BD9BD25875B7B00389405 /* ShellScript */ = {
			isa = PBXShellScriptBuildPhase;
			buildActionMask = 2147483647;
			files = (
			);
			inputFileListPaths = (
			);
			inputPaths = (
			);
			outputFileListPaths = (
			);
			outputPaths = (
			);
			runOnlyForDeploymentPostprocessing = 0;
			shellPath = /bin/sh;
			shellScript = "if which swiftlint >/dev/null; then\n  swiftlint\nelse\n  echo \"error: SwiftLint does not exist, download it from https://github.com/realm/SwiftLint\"\n  exit 1\nfi\n";
		};
		AF09A064FB1CD2AAB6BDF429 /* [CP] Check Pods Manifest.lock */ = {
			isa = PBXShellScriptBuildPhase;
			buildActionMask = 2147483647;
			files = (
			);
			inputFileListPaths = (
			);
			inputPaths = (
				"${PODS_PODFILE_DIR_PATH}/Podfile.lock",
				"${PODS_ROOT}/Manifest.lock",
			);
			name = "[CP] Check Pods Manifest.lock";
			outputFileListPaths = (
			);
			outputPaths = (
				"$(DERIVED_FILE_DIR)/Pods-Foursquare_clone_app-checkManifestLockResult.txt",
			);
			runOnlyForDeploymentPostprocessing = 0;
			shellPath = /bin/sh;
			shellScript = "diff \"${PODS_PODFILE_DIR_PATH}/Podfile.lock\" \"${PODS_ROOT}/Manifest.lock\" > /dev/null\nif [ $? != 0 ] ; then\n    # print error to STDERR\n    echo \"error: The sandbox is not in sync with the Podfile.lock. Run 'pod install' or update your CocoaPods installation.\" >&2\n    exit 1\nfi\n# This output is used by Xcode 'outputs' to avoid re-running this script phase.\necho \"SUCCESS\" > \"${SCRIPT_OUTPUT_FILE_0}\"\n";
			showEnvVarsInLog = 0;
		};
/* End PBXShellScriptBuildPhase section */

/* Begin PBXSourcesBuildPhase section */
		2D3BD9A225875B6800389405 /* Sources */ = {
			isa = PBXSourcesBuildPhase;
			buildActionMask = 2147483647;
			files = (
				2DD269FD258A2D2700EAEC68 /* RequestModel.swift in Sources */,
				2DD269FA25891EBC00EAEC68 /* NetworkManager.swift in Sources */,
				2DE67F19258800460092B998 /* StandardCategoryCollectionCell.swift in Sources */,
				2DE67F152587F1B50092B998 /* StandartCategoriesModel.swift in Sources */,
				2D3BD9AE25875B6800389405 /* HomeController.swift in Sources */,
				2DD269FF258A595800EAEC68 /* CategoryModel.swift in Sources */,
				2D3BD9AA25875B6800389405 /* AppDelegate.swift in Sources */,
				2DEC31D5258AA75C009FA472 /* SearchController.swift in Sources */,
				2D3BD9AC25875B6800389405 /* SceneDelegate.swift in Sources */,
			);
			runOnlyForDeploymentPostprocessing = 0;
		};
/* End PBXSourcesBuildPhase section */

/* Begin PBXVariantGroup section */
		2D3BD9AF25875B6800389405 /* Main.storyboard */ = {
			isa = PBXVariantGroup;
			children = (
				2D3BD9B025875B6800389405 /* Base */,
			);
			name = Main.storyboard;
			sourceTree = "<group>";
		};
		2D3BD9B425875B6E00389405 /* LaunchScreen.storyboard */ = {
			isa = PBXVariantGroup;
			children = (
				2D3BD9B525875B6E00389405 /* Base */,
			);
			name = LaunchScreen.storyboard;
			sourceTree = "<group>";
		};
/* End PBXVariantGroup section */

/* Begin XCBuildConfiguration section */
		2D3BD9B825875B6E00389405 /* Debug */ = {
			isa = XCBuildConfiguration;
			buildSettings = {
				ALWAYS_SEARCH_USER_PATHS = NO;
				CLANG_ANALYZER_NONNULL = YES;
				CLANG_ANALYZER_NUMBER_OBJECT_CONVERSION = YES_AGGRESSIVE;
				CLANG_CXX_LANGUAGE_STANDARD = "gnu++14";
				CLANG_CXX_LIBRARY = "libc++";
				CLANG_ENABLE_MODULES = YES;
				CLANG_ENABLE_OBJC_ARC = YES;
				CLANG_ENABLE_OBJC_WEAK = YES;
				CLANG_WARN_BLOCK_CAPTURE_AUTORELEASING = YES;
				CLANG_WARN_BOOL_CONVERSION = YES;
				CLANG_WARN_COMMA = YES;
				CLANG_WARN_CONSTANT_CONVERSION = YES;
				CLANG_WARN_DEPRECATED_OBJC_IMPLEMENTATIONS = YES;
				CLANG_WARN_DIRECT_OBJC_ISA_USAGE = YES_ERROR;
				CLANG_WARN_DOCUMENTATION_COMMENTS = YES;
				CLANG_WARN_EMPTY_BODY = YES;
				CLANG_WARN_ENUM_CONVERSION = YES;
				CLANG_WARN_INFINITE_RECURSION = YES;
				CLANG_WARN_INT_CONVERSION = YES;
				CLANG_WARN_NON_LITERAL_NULL_CONVERSION = YES;
				CLANG_WARN_OBJC_IMPLICIT_RETAIN_SELF = YES;
				CLANG_WARN_OBJC_LITERAL_CONVERSION = YES;
				CLANG_WARN_OBJC_ROOT_CLASS = YES_ERROR;
				CLANG_WARN_RANGE_LOOP_ANALYSIS = YES;
				CLANG_WARN_STRICT_PROTOTYPES = YES;
				CLANG_WARN_SUSPICIOUS_MOVE = YES;
				CLANG_WARN_UNGUARDED_AVAILABILITY = YES_AGGRESSIVE;
				CLANG_WARN_UNREACHABLE_CODE = YES;
				CLANG_WARN__DUPLICATE_METHOD_MATCH = YES;
				COPY_PHASE_STRIP = NO;
				DEBUG_INFORMATION_FORMAT = dwarf;
				ENABLE_STRICT_OBJC_MSGSEND = YES;
				ENABLE_TESTABILITY = YES;
				GCC_C_LANGUAGE_STANDARD = gnu11;
				GCC_DYNAMIC_NO_PIC = NO;
				GCC_NO_COMMON_BLOCKS = YES;
				GCC_OPTIMIZATION_LEVEL = 0;
				GCC_PREPROCESSOR_DEFINITIONS = (
					"DEBUG=1",
					"$(inherited)",
				);
				GCC_WARN_64_TO_32_BIT_CONVERSION = YES;
				GCC_WARN_ABOUT_RETURN_TYPE = YES_ERROR;
				GCC_WARN_UNDECLARED_SELECTOR = YES;
				GCC_WARN_UNINITIALIZED_AUTOS = YES_AGGRESSIVE;
				GCC_WARN_UNUSED_FUNCTION = YES;
				GCC_WARN_UNUSED_VARIABLE = YES;
				IPHONEOS_DEPLOYMENT_TARGET = 13.2;
				MTL_ENABLE_DEBUG_INFO = INCLUDE_SOURCE;
				MTL_FAST_MATH = YES;
				ONLY_ACTIVE_ARCH = YES;
				SDKROOT = iphoneos;
				SWIFT_ACTIVE_COMPILATION_CONDITIONS = DEBUG;
				SWIFT_OPTIMIZATION_LEVEL = "-Onone";
			};
			name = Debug;
		};
		2D3BD9B925875B6E00389405 /* Release */ = {
			isa = XCBuildConfiguration;
			buildSettings = {
				ALWAYS_SEARCH_USER_PATHS = NO;
				CLANG_ANALYZER_NONNULL = YES;
				CLANG_ANALYZER_NUMBER_OBJECT_CONVERSION = YES_AGGRESSIVE;
				CLANG_CXX_LANGUAGE_STANDARD = "gnu++14";
				CLANG_CXX_LIBRARY = "libc++";
				CLANG_ENABLE_MODULES = YES;
				CLANG_ENABLE_OBJC_ARC = YES;
				CLANG_ENABLE_OBJC_WEAK = YES;
				CLANG_WARN_BLOCK_CAPTURE_AUTORELEASING = YES;
				CLANG_WARN_BOOL_CONVERSION = YES;
				CLANG_WARN_COMMA = YES;
				CLANG_WARN_CONSTANT_CONVERSION = YES;
				CLANG_WARN_DEPRECATED_OBJC_IMPLEMENTATIONS = YES;
				CLANG_WARN_DIRECT_OBJC_ISA_USAGE = YES_ERROR;
				CLANG_WARN_DOCUMENTATION_COMMENTS = YES;
				CLANG_WARN_EMPTY_BODY = YES;
				CLANG_WARN_ENUM_CONVERSION = YES;
				CLANG_WARN_INFINITE_RECURSION = YES;
				CLANG_WARN_INT_CONVERSION = YES;
				CLANG_WARN_NON_LITERAL_NULL_CONVERSION = YES;
				CLANG_WARN_OBJC_IMPLICIT_RETAIN_SELF = YES;
				CLANG_WARN_OBJC_LITERAL_CONVERSION = YES;
				CLANG_WARN_OBJC_ROOT_CLASS = YES_ERROR;
				CLANG_WARN_RANGE_LOOP_ANALYSIS = YES;
				CLANG_WARN_STRICT_PROTOTYPES = YES;
				CLANG_WARN_SUSPICIOUS_MOVE = YES;
				CLANG_WARN_UNGUARDED_AVAILABILITY = YES_AGGRESSIVE;
				CLANG_WARN_UNREACHABLE_CODE = YES;
				CLANG_WARN__DUPLICATE_METHOD_MATCH = YES;
				COPY_PHASE_STRIP = NO;
				DEBUG_INFORMATION_FORMAT = "dwarf-with-dsym";
				ENABLE_NS_ASSERTIONS = NO;
				ENABLE_STRICT_OBJC_MSGSEND = YES;
				GCC_C_LANGUAGE_STANDARD = gnu11;
				GCC_NO_COMMON_BLOCKS = YES;
				GCC_WARN_64_TO_32_BIT_CONVERSION = YES;
				GCC_WARN_ABOUT_RETURN_TYPE = YES_ERROR;
				GCC_WARN_UNDECLARED_SELECTOR = YES;
				GCC_WARN_UNINITIALIZED_AUTOS = YES_AGGRESSIVE;
				GCC_WARN_UNUSED_FUNCTION = YES;
				GCC_WARN_UNUSED_VARIABLE = YES;
				IPHONEOS_DEPLOYMENT_TARGET = 13.2;
				MTL_ENABLE_DEBUG_INFO = NO;
				MTL_FAST_MATH = YES;
				SDKROOT = iphoneos;
				SWIFT_COMPILATION_MODE = wholemodule;
				SWIFT_OPTIMIZATION_LEVEL = "-O";
				VALIDATE_PRODUCT = YES;
			};
			name = Release;
		};
		2D3BD9BB25875B6E00389405 /* Debug */ = {
			isa = XCBuildConfiguration;
			baseConfigurationReference = B028462DEFB9CF5C6C51579F /* Pods-Foursquare_clone_app.debug.xcconfig */;
			buildSettings = {
				ASSETCATALOG_COMPILER_APPICON_NAME = AppIcon;
				CODE_SIGN_STYLE = Automatic;
				DEVELOPMENT_TEAM = F4698G65QQ;
				INFOPLIST_FILE = Foursquare_clone_app/Resorces/Info.plist;
				LD_RUNPATH_SEARCH_PATHS = (
					"$(inherited)",
					"@executable_path/Frameworks",
				);
				PRODUCT_BUNDLE_IDENTIFIER = "MM.Foursquare-clone-app";
				PRODUCT_NAME = "$(TARGET_NAME)";
				SWIFT_VERSION = 5.0;
				TARGETED_DEVICE_FAMILY = "1,2";
			};
			name = Debug;
		};
		2D3BD9BC25875B6E00389405 /* Release */ = {
			isa = XCBuildConfiguration;
			baseConfigurationReference = 1F9159912026B1D4A53895E9 /* Pods-Foursquare_clone_app.release.xcconfig */;
			buildSettings = {
				ASSETCATALOG_COMPILER_APPICON_NAME = AppIcon;
				CODE_SIGN_STYLE = Automatic;
				DEVELOPMENT_TEAM = F4698G65QQ;
				INFOPLIST_FILE = Foursquare_clone_app/Resorces/Info.plist;
				LD_RUNPATH_SEARCH_PATHS = (
					"$(inherited)",
					"@executable_path/Frameworks",
				);
				PRODUCT_BUNDLE_IDENTIFIER = "MM.Foursquare-clone-app";
				PRODUCT_NAME = "$(TARGET_NAME)";
				SWIFT_VERSION = 5.0;
				TARGETED_DEVICE_FAMILY = "1,2";
			};
			name = Release;
		};
/* End XCBuildConfiguration section */

/* Begin XCConfigurationList section */
		2D3BD9A125875B6800389405 /* Build configuration list for PBXProject "Foursquare_clone_app" */ = {
			isa = XCConfigurationList;
			buildConfigurations = (
				2D3BD9B825875B6E00389405 /* Debug */,
				2D3BD9B925875B6E00389405 /* Release */,
			);
			defaultConfigurationIsVisible = 0;
			defaultConfigurationName = Release;
		};
		2D3BD9BA25875B6E00389405 /* Build configuration list for PBXNativeTarget "Foursquare_clone_app" */ = {
			isa = XCConfigurationList;
			buildConfigurations = (
				2D3BD9BB25875B6E00389405 /* Debug */,
				2D3BD9BC25875B6E00389405 /* Release */,
			);
			defaultConfigurationIsVisible = 0;
			defaultConfigurationName = Release;
		};
/* End XCConfigurationList section */
	};
	rootObject = 2D3BD99E25875B6800389405 /* Project object */;
}
